// !$*UTF8*$!
{
	archiveVersion = 1;
	classes = {
	};
	objectVersion = 46;
	objects = {

/* Begin PBXBuildFile section */
		122DE9537F21A03D5C4F99CF /* Pods_UpChallengeUITests.framework in Frameworks */ = {isa = PBXBuildFile; fileRef = 9C69A9DF30E8384810E3C8C9 /* Pods_UpChallengeUITests.framework */; };
		4C07EC331E89FB5400387229 /* LyricParser.swift in Sources */ = {isa = PBXBuildFile; fileRef = 4C07EC321E89FB5400387229 /* LyricParser.swift */; };
		4C07EC351E89FB6700387229 /* Config.swift in Sources */ = {isa = PBXBuildFile; fileRef = 4C07EC341E89FB6700387229 /* Config.swift */; };
		4C07EC371E89FCB200387229 /* lyrics.json in Resources */ = {isa = PBXBuildFile; fileRef = 4C07EC361E89FCB200387229 /* lyrics.json */; };
		4C2ED5911E570DDE0033DC36 /* AppDelegate.swift in Sources */ = {isa = PBXBuildFile; fileRef = 4C2ED5901E570DDE0033DC36 /* AppDelegate.swift */; };
		4C2ED5981E570DDE0033DC36 /* Assets.xcassets in Resources */ = {isa = PBXBuildFile; fileRef = 4C2ED5971E570DDE0033DC36 /* Assets.xcassets */; };
		4C2ED59B1E570DDE0033DC36 /* LaunchScreen.storyboard in Resources */ = {isa = PBXBuildFile; fileRef = 4C2ED5991E570DDE0033DC36 /* LaunchScreen.storyboard */; };
		4C2ED5A61E570DDE0033DC36 /* UpChallengeTests.swift in Sources */ = {isa = PBXBuildFile; fileRef = 4C2ED5A51E570DDE0033DC36 /* UpChallengeTests.swift */; };
		4C2ED5B11E570DDE0033DC36 /* UpChallengeUITests.swift in Sources */ = {isa = PBXBuildFile; fileRef = 4C2ED5B01E570DDE0033DC36 /* UpChallengeUITests.swift */; };
		4C8F8F9C1E8815E6005B0AB8 /* VoiceTimer.swift in Sources */ = {isa = PBXBuildFile; fileRef = 4C8F8F9B1E8815E6005B0AB8 /* VoiceTimer.swift */; };
		4C9C63021E8B467900CE3C54 /* Lyric.swift in Sources */ = {isa = PBXBuildFile; fileRef = 4C9C63011E8B467900CE3C54 /* Lyric.swift */; };
		4CA8BDC11E8DF009002E195C /* VoicesTableViewController.swift in Sources */ = {isa = PBXBuildFile; fileRef = 4CA8BDC01E8DF009002E195C /* VoicesTableViewController.swift */; };
		4CDA49221E7F3568005DC33C /* Speech.storyboard in Resources */ = {isa = PBXBuildFile; fileRef = 4CDA49201E7F3568005DC33C /* Speech.storyboard */; };
		4CDA49231E7F3568005DC33C /* SpeechViewController.swift in Sources */ = {isa = PBXBuildFile; fileRef = 4CDA49211E7F3568005DC33C /* SpeechViewController.swift */; };
		68AE16174081F86F6D454605 /* Pods_UpChallengeTests.framework in Frameworks */ = {isa = PBXBuildFile; fileRef = EB348BAFBEF550D4D107A6DC /* Pods_UpChallengeTests.framework */; };
		E7B1328F46ABD16B1566703F /* Pods_UpChallenge.framework in Frameworks */ = {isa = PBXBuildFile; fileRef = D2EF322FDE7AE9094639EC54 /* Pods_UpChallenge.framework */; };
/* End PBXBuildFile section */

/* Begin PBXContainerItemProxy section */
		4C2ED5A21E570DDE0033DC36 /* PBXContainerItemProxy */ = {
			isa = PBXContainerItemProxy;
			containerPortal = 4C2ED5851E570DDE0033DC36 /* Project object */;
			proxyType = 1;
			remoteGlobalIDString = 4C2ED58C1E570DDE0033DC36;
			remoteInfo = UpChallenge;
		};
		4C2ED5AD1E570DDE0033DC36 /* PBXContainerItemProxy */ = {
			isa = PBXContainerItemProxy;
			containerPortal = 4C2ED5851E570DDE0033DC36 /* Project object */;
			proxyType = 1;
			remoteGlobalIDString = 4C2ED58C1E570DDE0033DC36;
			remoteInfo = UpChallenge;
		};
/* End PBXContainerItemProxy section */

/* Begin PBXFileReference section */
		27FF7C902FF9107D8F8CF012 /* Pods-UpChallengeUITests.release.xcconfig */ = {isa = PBXFileReference; includeInIndex = 1; lastKnownFileType = text.xcconfig; name = "Pods-UpChallengeUITests.release.xcconfig"; path = "Pods/Target Support Files/Pods-UpChallengeUITests/Pods-UpChallengeUITests.release.xcconfig"; sourceTree = "<group>"; };
		284A62B78D6BCFBB147DC39F /* Pods-UpChallengeUITests.debug.xcconfig */ = {isa = PBXFileReference; includeInIndex = 1; lastKnownFileType = text.xcconfig; name = "Pods-UpChallengeUITests.debug.xcconfig"; path = "Pods/Target Support Files/Pods-UpChallengeUITests/Pods-UpChallengeUITests.debug.xcconfig"; sourceTree = "<group>"; };
		4C07EC321E89FB5400387229 /* LyricParser.swift */ = {isa = PBXFileReference; fileEncoding = 4; lastKnownFileType = sourcecode.swift; path = LyricParser.swift; sourceTree = "<group>"; };
		4C07EC341E89FB6700387229 /* Config.swift */ = {isa = PBXFileReference; fileEncoding = 4; lastKnownFileType = sourcecode.swift; path = Config.swift; sourceTree = "<group>"; };
		4C07EC361E89FCB200387229 /* lyrics.json */ = {isa = PBXFileReference; fileEncoding = 4; lastKnownFileType = text.json; path = lyrics.json; sourceTree = "<group>"; };
		4C2ED58D1E570DDE0033DC36 /* UpChallenge.app */ = {isa = PBXFileReference; explicitFileType = wrapper.application; includeInIndex = 0; path = UpChallenge.app; sourceTree = BUILT_PRODUCTS_DIR; };
		4C2ED5901E570DDE0033DC36 /* AppDelegate.swift */ = {isa = PBXFileReference; lastKnownFileType = sourcecode.swift; path = AppDelegate.swift; sourceTree = "<group>"; };
		4C2ED5971E570DDE0033DC36 /* Assets.xcassets */ = {isa = PBXFileReference; lastKnownFileType = folder.assetcatalog; path = Assets.xcassets; sourceTree = "<group>"; };
		4C2ED59A1E570DDE0033DC36 /* Base */ = {isa = PBXFileReference; lastKnownFileType = file.storyboard; name = Base; path = Base.lproj/LaunchScreen.storyboard; sourceTree = "<group>"; };
		4C2ED59C1E570DDE0033DC36 /* Info.plist */ = {isa = PBXFileReference; lastKnownFileType = text.plist.xml; path = Info.plist; sourceTree = "<group>"; };
		4C2ED5A11E570DDE0033DC36 /* UpChallengeTests.xctest */ = {isa = PBXFileReference; explicitFileType = wrapper.cfbundle; includeInIndex = 0; path = UpChallengeTests.xctest; sourceTree = BUILT_PRODUCTS_DIR; };
		4C2ED5A51E570DDE0033DC36 /* UpChallengeTests.swift */ = {isa = PBXFileReference; lastKnownFileType = sourcecode.swift; path = UpChallengeTests.swift; sourceTree = "<group>"; };
		4C2ED5A71E570DDE0033DC36 /* Info.plist */ = {isa = PBXFileReference; lastKnownFileType = text.plist.xml; path = Info.plist; sourceTree = "<group>"; };
		4C2ED5AC1E570DDE0033DC36 /* UpChallengeUITests.xctest */ = {isa = PBXFileReference; explicitFileType = wrapper.cfbundle; includeInIndex = 0; path = UpChallengeUITests.xctest; sourceTree = BUILT_PRODUCTS_DIR; };
		4C2ED5B01E570DDE0033DC36 /* UpChallengeUITests.swift */ = {isa = PBXFileReference; lastKnownFileType = sourcecode.swift; path = UpChallengeUITests.swift; sourceTree = "<group>"; };
		4C2ED5B21E570DDE0033DC36 /* Info.plist */ = {isa = PBXFileReference; lastKnownFileType = text.plist.xml; path = Info.plist; sourceTree = "<group>"; };
		4C8F8F9B1E8815E6005B0AB8 /* VoiceTimer.swift */ = {isa = PBXFileReference; fileEncoding = 4; lastKnownFileType = sourcecode.swift; path = VoiceTimer.swift; sourceTree = "<group>"; };
		4C9C63011E8B467900CE3C54 /* Lyric.swift */ = {isa = PBXFileReference; fileEncoding = 4; lastKnownFileType = sourcecode.swift; path = Lyric.swift; sourceTree = "<group>"; };
		4CA8BDC01E8DF009002E195C /* VoicesTableViewController.swift */ = {isa = PBXFileReference; fileEncoding = 4; lastKnownFileType = sourcecode.swift; path = VoicesTableViewController.swift; sourceTree = "<group>"; };
		4CDA49201E7F3568005DC33C /* Speech.storyboard */ = {isa = PBXFileReference; fileEncoding = 4; lastKnownFileType = file.storyboard; path = Speech.storyboard; sourceTree = "<group>"; };
		4CDA49211E7F3568005DC33C /* SpeechViewController.swift */ = {isa = PBXFileReference; fileEncoding = 4; lastKnownFileType = sourcecode.swift; path = SpeechViewController.swift; sourceTree = "<group>"; };
		4E5A0D3C5D0274A869528CF1 /* Pods-UpChallengeTests.release.xcconfig */ = {isa = PBXFileReference; includeInIndex = 1; lastKnownFileType = text.xcconfig; name = "Pods-UpChallengeTests.release.xcconfig"; path = "Pods/Target Support Files/Pods-UpChallengeTests/Pods-UpChallengeTests.release.xcconfig"; sourceTree = "<group>"; };
		557F588FB44E9BD1D2048CEA /* Pods-UpChallenge.debug.xcconfig */ = {isa = PBXFileReference; includeInIndex = 1; lastKnownFileType = text.xcconfig; name = "Pods-UpChallenge.debug.xcconfig"; path = "Pods/Target Support Files/Pods-UpChallenge/Pods-UpChallenge.debug.xcconfig"; sourceTree = "<group>"; };
		8E0CE4F30EB3C3C492A6891D /* Pods-UpChallenge.release.xcconfig */ = {isa = PBXFileReference; includeInIndex = 1; lastKnownFileType = text.xcconfig; name = "Pods-UpChallenge.release.xcconfig"; path = "Pods/Target Support Files/Pods-UpChallenge/Pods-UpChallenge.release.xcconfig"; sourceTree = "<group>"; };
		92645BB2047C57159DC62EF6 /* Pods-UpChallengeTests.debug.xcconfig */ = {isa = PBXFileReference; includeInIndex = 1; lastKnownFileType = text.xcconfig; name = "Pods-UpChallengeTests.debug.xcconfig"; path = "Pods/Target Support Files/Pods-UpChallengeTests/Pods-UpChallengeTests.debug.xcconfig"; sourceTree = "<group>"; };
		9C69A9DF30E8384810E3C8C9 /* Pods_UpChallengeUITests.framework */ = {isa = PBXFileReference; explicitFileType = wrapper.framework; includeInIndex = 0; path = Pods_UpChallengeUITests.framework; sourceTree = BUILT_PRODUCTS_DIR; };
		D2EF322FDE7AE9094639EC54 /* Pods_UpChallenge.framework */ = {isa = PBXFileReference; explicitFileType = wrapper.framework; includeInIndex = 0; path = Pods_UpChallenge.framework; sourceTree = BUILT_PRODUCTS_DIR; };
		EB348BAFBEF550D4D107A6DC /* Pods_UpChallengeTests.framework */ = {isa = PBXFileReference; explicitFileType = wrapper.framework; includeInIndex = 0; path = Pods_UpChallengeTests.framework; sourceTree = BUILT_PRODUCTS_DIR; };
/* End PBXFileReference section */

/* Begin PBXFrameworksBuildPhase section */
		4C2ED58A1E570DDE0033DC36 /* Frameworks */ = {
			isa = PBXFrameworksBuildPhase;
			buildActionMask = 2147483647;
			files = (
				E7B1328F46ABD16B1566703F /* Pods_UpChallenge.framework in Frameworks */,
			);
			runOnlyForDeploymentPostprocessing = 0;
		};
		4C2ED59E1E570DDE0033DC36 /* Frameworks */ = {
			isa = PBXFrameworksBuildPhase;
			buildActionMask = 2147483647;
			files = (
				68AE16174081F86F6D454605 /* Pods_UpChallengeTests.framework in Frameworks */,
			);
			runOnlyForDeploymentPostprocessing = 0;
		};
		4C2ED5A91E570DDE0033DC36 /* Frameworks */ = {
			isa = PBXFrameworksBuildPhase;
			buildActionMask = 2147483647;
			files = (
				122DE9537F21A03D5C4F99CF /* Pods_UpChallengeUITests.framework in Frameworks */,
			);
			runOnlyForDeploymentPostprocessing = 0;
		};
/* End PBXFrameworksBuildPhase section */

/* Begin PBXGroup section */
		0847C9CC5B720C853DE4FDC9 /* Pods */ = {
			isa = PBXGroup;
			children = (
				557F588FB44E9BD1D2048CEA /* Pods-UpChallenge.debug.xcconfig */,
				8E0CE4F30EB3C3C492A6891D /* Pods-UpChallenge.release.xcconfig */,
				92645BB2047C57159DC62EF6 /* Pods-UpChallengeTests.debug.xcconfig */,
				4E5A0D3C5D0274A869528CF1 /* Pods-UpChallengeTests.release.xcconfig */,
				284A62B78D6BCFBB147DC39F /* Pods-UpChallengeUITests.debug.xcconfig */,
				27FF7C902FF9107D8F8CF012 /* Pods-UpChallengeUITests.release.xcconfig */,
			);
			name = Pods;
			sourceTree = "<group>";
		};
		4C2ED5841E570DDE0033DC36 = {
			isa = PBXGroup;
			children = (
				4C2ED58F1E570DDE0033DC36 /* UpChallenge */,
				4C2ED5A41E570DDE0033DC36 /* UpChallengeTests */,
				4C2ED5AF1E570DDE0033DC36 /* UpChallengeUITests */,
				4C2ED58E1E570DDE0033DC36 /* Products */,
				0847C9CC5B720C853DE4FDC9 /* Pods */,
				F1A9148095FA6B353A764843 /* Frameworks */,
			);
			sourceTree = "<group>";
		};
		4C2ED58E1E570DDE0033DC36 /* Products */ = {
			isa = PBXGroup;
			children = (
				4C2ED58D1E570DDE0033DC36 /* UpChallenge.app */,
				4C2ED5A11E570DDE0033DC36 /* UpChallengeTests.xctest */,
				4C2ED5AC1E570DDE0033DC36 /* UpChallengeUITests.xctest */,
			);
			name = Products;
			sourceTree = "<group>";
		};
		4C2ED58F1E570DDE0033DC36 /* UpChallenge */ = {
			isa = PBXGroup;
			children = (
				4C2ED5901E570DDE0033DC36 /* AppDelegate.swift */,
				4CA8BDBF1E8DED9B002E195C /* Views */,
				4CA8BDBE1E8DED6D002E195C /* Middleware */,
				4CA8BDBD1E8DED50002E195C /* Model */,
				4C07EC341E89FB6700387229 /* Config.swift */,
				4C07EC361E89FCB200387229 /* lyrics.json */,
				4C2ED5971E570DDE0033DC36 /* Assets.xcassets */,
				4C2ED5991E570DDE0033DC36 /* LaunchScreen.storyboard */,
				4C2ED59C1E570DDE0033DC36 /* Info.plist */,
			);
			path = UpChallenge;
			sourceTree = "<group>";
		};
		4C2ED5A41E570DDE0033DC36 /* UpChallengeTests */ = {
			isa = PBXGroup;
			children = (
				4C2ED5A51E570DDE0033DC36 /* UpChallengeTests.swift */,
				4C2ED5A71E570DDE0033DC36 /* Info.plist */,
			);
			path = UpChallengeTests;
			sourceTree = "<group>";
		};
		4C2ED5AF1E570DDE0033DC36 /* UpChallengeUITests */ = {
			isa = PBXGroup;
			children = (
				4C2ED5B01E570DDE0033DC36 /* UpChallengeUITests.swift */,
				4C2ED5B21E570DDE0033DC36 /* Info.plist */,
			);
			path = UpChallengeUITests;
			sourceTree = "<group>";
		};
		4CA8BDBD1E8DED50002E195C /* Model */ = {
			isa = PBXGroup;
			children = (
				4C9C63011E8B467900CE3C54 /* Lyric.swift */,
			);
			name = Model;
			sourceTree = "<group>";
		};
		4CA8BDBE1E8DED6D002E195C /* Middleware */ = {
			isa = PBXGroup;
			children = (
				4C8F8F9B1E8815E6005B0AB8 /* VoiceTimer.swift */,
				4C07EC321E89FB5400387229 /* LyricParser.swift */,
			);
			name = Middleware;
			sourceTree = "<group>";
		};
		4CA8BDBF1E8DED9B002E195C /* Views */ = {
			isa = PBXGroup;
			children = (
				4CDA49201E7F3568005DC33C /* Speech.storyboard */,
				4CDA49211E7F3568005DC33C /* SpeechViewController.swift */,
				4CA8BDC01E8DF009002E195C /* VoicesTableViewController.swift */,
			);
			name = Views;
			sourceTree = "<group>";
		};
		F1A9148095FA6B353A764843 /* Frameworks */ = {
			isa = PBXGroup;
			children = (
				D2EF322FDE7AE9094639EC54 /* Pods_UpChallenge.framework */,
				EB348BAFBEF550D4D107A6DC /* Pods_UpChallengeTests.framework */,
				9C69A9DF30E8384810E3C8C9 /* Pods_UpChallengeUITests.framework */,
			);
			name = Frameworks;
			sourceTree = "<group>";
		};
/* End PBXGroup section */

/* Begin PBXNativeTarget section */
		4C2ED58C1E570DDE0033DC36 /* UpChallenge */ = {
			isa = PBXNativeTarget;
			buildConfigurationList = 4C2ED5B51E570DDE0033DC36 /* Build configuration list for PBXNativeTarget "UpChallenge" */;
			buildPhases = (
				B80D06653DF6B6D53A1EB994 /* [CP] Check Pods Manifest.lock */,
				4C2ED5891E570DDE0033DC36 /* Sources */,
				4C2ED58A1E570DDE0033DC36 /* Frameworks */,
				4C2ED58B1E570DDE0033DC36 /* Resources */,
				7B810CA37BD2903BA801602C /* [CP] Embed Pods Frameworks */,
				F2D607F3E12C214D3FE4614D /* [CP] Copy Pods Resources */,
			);
			buildRules = (
			);
			dependencies = (
			);
			name = UpChallenge;
			productName = UpChallenge;
			productReference = 4C2ED58D1E570DDE0033DC36 /* UpChallenge.app */;
			productType = "com.apple.product-type.application";
		};
		4C2ED5A01E570DDE0033DC36 /* UpChallengeTests */ = {
			isa = PBXNativeTarget;
			buildConfigurationList = 4C2ED5B81E570DDE0033DC36 /* Build configuration list for PBXNativeTarget "UpChallengeTests" */;
			buildPhases = (
				5742F2E5A95D439CF559213B /* [CP] Check Pods Manifest.lock */,
				4C2ED59D1E570DDE0033DC36 /* Sources */,
				4C2ED59E1E570DDE0033DC36 /* Frameworks */,
				4C2ED59F1E570DDE0033DC36 /* Resources */,
				F94D5820BD6C67AD175424CF /* [CP] Embed Pods Frameworks */,
				E938CFB258B67E2BCFFB7C9F /* [CP] Copy Pods Resources */,
			);
			buildRules = (
			);
			dependencies = (
				4C2ED5A31E570DDE0033DC36 /* PBXTargetDependency */,
			);
			name = UpChallengeTests;
			productName = UpChallengeTests;
			productReference = 4C2ED5A11E570DDE0033DC36 /* UpChallengeTests.xctest */;
			productType = "com.apple.product-type.bundle.unit-test";
		};
		4C2ED5AB1E570DDE0033DC36 /* UpChallengeUITests */ = {
			isa = PBXNativeTarget;
			buildConfigurationList = 4C2ED5BB1E570DDE0033DC36 /* Build configuration list for PBXNativeTarget "UpChallengeUITests" */;
			buildPhases = (
				1FEB4DA2A9B0F96664BC36E2 /* [CP] Check Pods Manifest.lock */,
				4C2ED5A81E570DDE0033DC36 /* Sources */,
				4C2ED5A91E570DDE0033DC36 /* Frameworks */,
				4C2ED5AA1E570DDE0033DC36 /* Resources */,
				6194879AB1C4A9F8DC45F094 /* [CP] Embed Pods Frameworks */,
				0B192A3EDA7AD2607FEAE4FE /* [CP] Copy Pods Resources */,
			);
			buildRules = (
			);
			dependencies = (
				4C2ED5AE1E570DDE0033DC36 /* PBXTargetDependency */,
			);
			name = UpChallengeUITests;
			productName = UpChallengeUITests;
			productReference = 4C2ED5AC1E570DDE0033DC36 /* UpChallengeUITests.xctest */;
			productType = "com.apple.product-type.bundle.ui-testing";
		};
/* End PBXNativeTarget section */

/* Begin PBXProject section */
		4C2ED5851E570DDE0033DC36 /* Project object */ = {
			isa = PBXProject;
			attributes = {
				LastSwiftUpdateCheck = 0820;
				LastUpgradeCheck = 0820;
				ORGANIZATIONNAME = wojunfeng;
				TargetAttributes = {
					4C2ED58C1E570DDE0033DC36 = {
						CreatedOnToolsVersion = 8.2.1;
						DevelopmentTeam = 9YUT5P277S;
						ProvisioningStyle = Automatic;
					};
					4C2ED5A01E570DDE0033DC36 = {
						CreatedOnToolsVersion = 8.2.1;
						DevelopmentTeam = C364U78854;
						ProvisioningStyle = Automatic;
						TestTargetID = 4C2ED58C1E570DDE0033DC36;
					};
					4C2ED5AB1E570DDE0033DC36 = {
						CreatedOnToolsVersion = 8.2.1;
						DevelopmentTeam = C364U78854;
						ProvisioningStyle = Automatic;
						TestTargetID = 4C2ED58C1E570DDE0033DC36;
					};
				};
			};
			buildConfigurationList = 4C2ED5881E570DDE0033DC36 /* Build configuration list for PBXProject "UpChallenge" */;
			compatibilityVersion = "Xcode 3.2";
			developmentRegion = English;
			hasScannedForEncodings = 0;
			knownRegions = (
				en,
				Base,
			);
			mainGroup = 4C2ED5841E570DDE0033DC36;
			productRefGroup = 4C2ED58E1E570DDE0033DC36 /* Products */;
			projectDirPath = "";
			projectRoot = "";
			targets = (
				4C2ED58C1E570DDE0033DC36 /* UpChallenge */,
				4C2ED5A01E570DDE0033DC36 /* UpChallengeTests */,
				4C2ED5AB1E570DDE0033DC36 /* UpChallengeUITests */,
			);
		};
/* End PBXProject section */

/* Begin PBXResourcesBuildPhase section */
		4C2ED58B1E570DDE0033DC36 /* Resources */ = {
			isa = PBXResourcesBuildPhase;
			buildActionMask = 2147483647;
			files = (
				4C2ED59B1E570DDE0033DC36 /* LaunchScreen.storyboard in Resources */,
				4C2ED5981E570DDE0033DC36 /* Assets.xcassets in Resources */,
				4CDA49221E7F3568005DC33C /* Speech.storyboard in Resources */,
				4C07EC371E89FCB200387229 /* lyrics.json in Resources */,
			);
			runOnlyForDeploymentPostprocessing = 0;
		};
		4C2ED59F1E570DDE0033DC36 /* Resources */ = {
			isa = PBXResourcesBuildPhase;
			buildActionMask = 2147483647;
			files = (
			);
			runOnlyForDeploymentPostprocessing = 0;
		};
		4C2ED5AA1E570DDE0033DC36 /* Resources */ = {
			isa = PBXResourcesBuildPhase;
			buildActionMask = 2147483647;
			files = (
			);
			runOnlyForDeploymentPostprocessing = 0;
		};
/* End PBXResourcesBuildPhase section */

/* Begin PBXShellScriptBuildPhase section */
		0B192A3EDA7AD2607FEAE4FE /* [CP] Copy Pods Resources */ = {
			isa = PBXShellScriptBuildPhase;
			buildActionMask = 2147483647;
			files = (
			);
			inputPaths = (
			);
			name = "[CP] Copy Pods Resources";
			outputPaths = (
			);
			runOnlyForDeploymentPostprocessing = 0;
			shellPath = /bin/sh;
			shellScript = "\"${SRCROOT}/Pods/Target Support Files/Pods-UpChallengeUITests/Pods-UpChallengeUITests-resources.sh\"\n";
			showEnvVarsInLog = 0;
		};
		1FEB4DA2A9B0F96664BC36E2 /* [CP] Check Pods Manifest.lock */ = {
			isa = PBXShellScriptBuildPhase;
			buildActionMask = 2147483647;
			files = (
			);
			inputPaths = (
			);
			name = "[CP] Check Pods Manifest.lock";
			outputPaths = (
			);
			runOnlyForDeploymentPostprocessing = 0;
			shellPath = /bin/sh;
			shellScript = "diff \"${PODS_ROOT}/../Podfile.lock\" \"${PODS_ROOT}/Manifest.lock\" > /dev/null\nif [ $? != 0 ] ; then\n    # print error to STDERR\n    echo \"error: The sandbox is not in sync with the Podfile.lock. Run 'pod install' or update your CocoaPods installation.\" >&2\n    exit 1\nfi\n";
			showEnvVarsInLog = 0;
		};
		5742F2E5A95D439CF559213B /* [CP] Check Pods Manifest.lock */ = {
			isa = PBXShellScriptBuildPhase;
			buildActionMask = 2147483647;
			files = (
			);
			inputPaths = (
			);
			name = "[CP] Check Pods Manifest.lock";
			outputPaths = (
			);
			runOnlyForDeploymentPostprocessing = 0;
			shellPath = /bin/sh;
			shellScript = "diff \"${PODS_ROOT}/../Podfile.lock\" \"${PODS_ROOT}/Manifest.lock\" > /dev/null\nif [ $? != 0 ] ; then\n    # print error to STDERR\n    echo \"error: The sandbox is not in sync with the Podfile.lock. Run 'pod install' or update your CocoaPods installation.\" >&2\n    exit 1\nfi\n";
			showEnvVarsInLog = 0;
		};
		6194879AB1C4A9F8DC45F094 /* [CP] Embed Pods Frameworks */ = {
			isa = PBXShellScriptBuildPhase;
			buildActionMask = 2147483647;
			files = (
			);
			inputPaths = (
			);
			name = "[CP] Embed Pods Frameworks";
			outputPaths = (
			);
			runOnlyForDeploymentPostprocessing = 0;
			shellPath = /bin/sh;
			shellScript = "\"${SRCROOT}/Pods/Target Support Files/Pods-UpChallengeUITests/Pods-UpChallengeUITests-frameworks.sh\"\n";
			showEnvVarsInLog = 0;
		};
		7B810CA37BD2903BA801602C /* [CP] Embed Pods Frameworks */ = {
			isa = PBXShellScriptBuildPhase;
			buildActionMask = 2147483647;
			files = (
			);
			inputPaths = (
			);
			name = "[CP] Embed Pods Frameworks";
			outputPaths = (
			);
			runOnlyForDeploymentPostprocessing = 0;
			shellPath = /bin/sh;
			shellScript = "\"${SRCROOT}/Pods/Target Support Files/Pods-UpChallenge/Pods-UpChallenge-frameworks.sh\"\n";
			showEnvVarsInLog = 0;
		};
		B80D06653DF6B6D53A1EB994 /* [CP] Check Pods Manifest.lock */ = {
			isa = PBXShellScriptBuildPhase;
			buildActionMask = 2147483647;
			files = (
			);
			inputPaths = (
			);
			name = "[CP] Check Pods Manifest.lock";
			outputPaths = (
			);
			runOnlyForDeploymentPostprocessing = 0;
			shellPath = /bin/sh;
			shellScript = "diff \"${PODS_ROOT}/../Podfile.lock\" \"${PODS_ROOT}/Manifest.lock\" > /dev/null\nif [ $? != 0 ] ; then\n    # print error to STDERR\n    echo \"error: The sandbox is not in sync with the Podfile.lock. Run 'pod install' or update your CocoaPods installation.\" >&2\n    exit 1\nfi\n";
			showEnvVarsInLog = 0;
		};
		E938CFB258B67E2BCFFB7C9F /* [CP] Copy Pods Resources */ = {
			isa = PBXShellScriptBuildPhase;
			buildActionMask = 2147483647;
			files = (
			);
			inputPaths = (
			);
			name = "[CP] Copy Pods Resources";
			outputPaths = (
			);
			runOnlyForDeploymentPostprocessing = 0;
			shellPath = /bin/sh;
			shellScript = "\"${SRCROOT}/Pods/Target Support Files/Pods-UpChallengeTests/Pods-UpChallengeTests-resources.sh\"\n";
			showEnvVarsInLog = 0;
		};
		F2D607F3E12C214D3FE4614D /* [CP] Copy Pods Resources */ = {
			isa = PBXShellScriptBuildPhase;
			buildActionMask = 2147483647;
			files = (
			);
			inputPaths = (
			);
			name = "[CP] Copy Pods Resources";
			outputPaths = (
			);
			runOnlyForDeploymentPostprocessing = 0;
			shellPath = /bin/sh;
			shellScript = "\"${SRCROOT}/Pods/Target Support Files/Pods-UpChallenge/Pods-UpChallenge-resources.sh\"\n";
			showEnvVarsInLog = 0;
		};
		F94D5820BD6C67AD175424CF /* [CP] Embed Pods Frameworks */ = {
			isa = PBXShellScriptBuildPhase;
			buildActionMask = 2147483647;
			files = (
			);
			inputPaths = (
			);
			name = "[CP] Embed Pods Frameworks";
			outputPaths = (
			);
			runOnlyForDeploymentPostprocessing = 0;
			shellPath = /bin/sh;
			shellScript = "\"${SRCROOT}/Pods/Target Support Files/Pods-UpChallengeTests/Pods-UpChallengeTests-frameworks.sh\"\n";
			showEnvVarsInLog = 0;
		};
/* End PBXShellScriptBuildPhase section */

/* Begin PBXSourcesBuildPhase section */
		4C2ED5891E570DDE0033DC36 /* Sources */ = {
			isa = PBXSourcesBuildPhase;
			buildActionMask = 2147483647;
			files = (
				4C07EC331E89FB5400387229 /* LyricParser.swift in Sources */,
				4CA8BDC11E8DF009002E195C /* VoicesTableViewController.swift in Sources */,
				4CDA49231E7F3568005DC33C /* SpeechViewController.swift in Sources */,
				4C07EC351E89FB6700387229 /* Config.swift in Sources */,
				4C2ED5911E570DDE0033DC36 /* AppDelegate.swift in Sources */,
				4C8F8F9C1E8815E6005B0AB8 /* VoiceTimer.swift in Sources */,
				4C9C63021E8B467900CE3C54 /* Lyric.swift in Sources */,
			);
			runOnlyForDeploymentPostprocessing = 0;
		};
		4C2ED59D1E570DDE0033DC36 /* Sources */ = {
			isa = PBXSourcesBuildPhase;
			buildActionMask = 2147483647;
			files = (
				4C2ED5A61E570DDE0033DC36 /* UpChallengeTests.swift in Sources */,
			);
			runOnlyForDeploymentPostprocessing = 0;
		};
		4C2ED5A81E570DDE0033DC36 /* Sources */ = {
			isa = PBXSourcesBuildPhase;
			buildActionMask = 2147483647;
			files = (
				4C2ED5B11E570DDE0033DC36 /* UpChallengeUITests.swift in Sources */,
			);
			runOnlyForDeploymentPostprocessing = 0;
		};
/* End PBXSourcesBuildPhase section */

/* Begin PBXTargetDependency section */
		4C2ED5A31E570DDE0033DC36 /* PBXTargetDependency */ = {
			isa = PBXTargetDependency;
			target = 4C2ED58C1E570DDE0033DC36 /* UpChallenge */;
			targetProxy = 4C2ED5A21E570DDE0033DC36 /* PBXContainerItemProxy */;
		};
		4C2ED5AE1E570DDE0033DC36 /* PBXTargetDependency */ = {
			isa = PBXTargetDependency;
			target = 4C2ED58C1E570DDE0033DC36 /* UpChallenge */;
			targetProxy = 4C2ED5AD1E570DDE0033DC36 /* PBXContainerItemProxy */;
		};
/* End PBXTargetDependency section */

/* Begin PBXVariantGroup section */
		4C2ED5991E570DDE0033DC36 /* LaunchScreen.storyboard */ = {
			isa = PBXVariantGroup;
			children = (
				4C2ED59A1E570DDE0033DC36 /* Base */,
			);
			name = LaunchScreen.storyboard;
			sourceTree = "<group>";
		};
/* End PBXVariantGroup section */

/* Begin XCBuildConfiguration section */
		4C2ED5B31E570DDE0033DC36 /* Debug */ = {
			isa = XCBuildConfiguration;
			buildSettings = {
				ALWAYS_SEARCH_USER_PATHS = NO;
				CLANG_ANALYZER_NONNULL = YES;
				CLANG_CXX_LANGUAGE_STANDARD = "gnu++0x";
				CLANG_CXX_LIBRARY = "libc++";
				CLANG_ENABLE_MODULES = YES;
				CLANG_ENABLE_OBJC_ARC = YES;
				CLANG_WARN_BOOL_CONVERSION = YES;
				CLANG_WARN_CONSTANT_CONVERSION = YES;
				CLANG_WARN_DIRECT_OBJC_ISA_USAGE = YES_ERROR;
				CLANG_WARN_DOCUMENTATION_COMMENTS = YES;
				CLANG_WARN_EMPTY_BODY = YES;
				CLANG_WARN_ENUM_CONVERSION = YES;
				CLANG_WARN_INFINITE_RECURSION = YES;
				CLANG_WARN_INT_CONVERSION = YES;
				CLANG_WARN_OBJC_ROOT_CLASS = YES_ERROR;
				CLANG_WARN_SUSPICIOUS_MOVE = YES;
				CLANG_WARN_UNREACHABLE_CODE = YES;
				CLANG_WARN__DUPLICATE_METHOD_MATCH = YES;
				"CODE_SIGN_IDENTITY[sdk=iphoneos*]" = "iPhone Developer";
				COPY_PHASE_STRIP = NO;
				DEBUG_INFORMATION_FORMAT = dwarf;
				ENABLE_STRICT_OBJC_MSGSEND = YES;
				ENABLE_TESTABILITY = YES;
				GCC_C_LANGUAGE_STANDARD = gnu99;
				GCC_DYNAMIC_NO_PIC = NO;
				GCC_NO_COMMON_BLOCKS = YES;
				GCC_OPTIMIZATION_LEVEL = 0;
				GCC_PREPROCESSOR_DEFINITIONS = (
					"DEBUG=1",
					"$(inherited)",
				);
				GCC_WARN_64_TO_32_BIT_CONVERSION = YES;
				GCC_WARN_ABOUT_RETURN_TYPE = YES_ERROR;
				GCC_WARN_UNDECLARED_SELECTOR = YES;
				GCC_WARN_UNINITIALIZED_AUTOS = YES_AGGRESSIVE;
				GCC_WARN_UNUSED_FUNCTION = YES;
				GCC_WARN_UNUSED_VARIABLE = YES;
				IPHONEOS_DEPLOYMENT_TARGET = 10.2;
				MTL_ENABLE_DEBUG_INFO = YES;
				ONLY_ACTIVE_ARCH = YES;
				SDKROOT = iphoneos;
				SWIFT_ACTIVE_COMPILATION_CONDITIONS = DEBUG;
				SWIFT_OPTIMIZATION_LEVEL = "-Onone";
			};
			name = Debug;
		};
		4C2ED5B41E570DDE0033DC36 /* Release */ = {
			isa = XCBuildConfiguration;
			buildSettings = {
				ALWAYS_SEARCH_USER_PATHS = NO;
				CLANG_ANALYZER_NONNULL = YES;
				CLANG_CXX_LANGUAGE_STANDARD = "gnu++0x";
				CLANG_CXX_LIBRARY = "libc++";
				CLANG_ENABLE_MODULES = YES;
				CLANG_ENABLE_OBJC_ARC = YES;
				CLANG_WARN_BOOL_CONVERSION = YES;
				CLANG_WARN_CONSTANT_CONVERSION = YES;
				CLANG_WARN_DIRECT_OBJC_ISA_USAGE = YES_ERROR;
				CLANG_WARN_DOCUMENTATION_COMMENTS = YES;
				CLANG_WARN_EMPTY_BODY = YES;
				CLANG_WARN_ENUM_CONVERSION = YES;
				CLANG_WARN_INFINITE_RECURSION = YES;
				CLANG_WARN_INT_CONVERSION = YES;
				CLANG_WARN_OBJC_ROOT_CLASS = YES_ERROR;
				CLANG_WARN_SUSPICIOUS_MOVE = YES;
				CLANG_WARN_UNREACHABLE_CODE = YES;
				CLANG_WARN__DUPLICATE_METHOD_MATCH = YES;
				"CODE_SIGN_IDENTITY[sdk=iphoneos*]" = "iPhone Developer";
				COPY_PHASE_STRIP = NO;
				DEBUG_INFORMATION_FORMAT = "dwarf-with-dsym";
				ENABLE_NS_ASSERTIONS = NO;
				ENABLE_STRICT_OBJC_MSGSEND = YES;
				GCC_C_LANGUAGE_STANDARD = gnu99;
				GCC_NO_COMMON_BLOCKS = YES;
				GCC_WARN_64_TO_32_BIT_CONVERSION = YES;
				GCC_WARN_ABOUT_RETURN_TYPE = YES_ERROR;
				GCC_WARN_UNDECLARED_SELECTOR = YES;
				GCC_WARN_UNINITIALIZED_AUTOS = YES_AGGRESSIVE;
				GCC_WARN_UNUSED_FUNCTION = YES;
				GCC_WARN_UNUSED_VARIABLE = YES;
				IPHONEOS_DEPLOYMENT_TARGET = 10.2;
				MTL_ENABLE_DEBUG_INFO = NO;
				SDKROOT = iphoneos;
				SWIFT_OPTIMIZATION_LEVEL = "-Owholemodule";
				VALIDATE_PRODUCT = YES;
			};
			name = Release;
		};
		4C2ED5B61E570DDE0033DC36 /* Debug */ = {
			isa = XCBuildConfiguration;
			baseConfigurationReference = 557F588FB44E9BD1D2048CEA /* Pods-UpChallenge.debug.xcconfig */;
			buildSettings = {
				ASSETCATALOG_COMPILER_APPICON_NAME = AppIcon;
				DEVELOPMENT_TEAM = 9YUT5P277S;
				INFOPLIST_FILE = UpChallenge/Info.plist;
				IPHONEOS_DEPLOYMENT_TARGET = 10.0;
				LD_RUNPATH_SEARCH_PATHS = "$(inherited) @executable_path/Frameworks";
				PRODUCT_BUNDLE_IDENTIFIER = com.wojunfeng.UpChallenge;
				PRODUCT_NAME = "$(TARGET_NAME)";
				SWIFT_VERSION = 3.0;
			};
			name = Debug;
		};
		4C2ED5B71E570DDE0033DC36 /* Release */ = {
			isa = XCBuildConfiguration;
			baseConfigurationReference = 8E0CE4F30EB3C3C492A6891D /* Pods-UpChallenge.release.xcconfig */;
			buildSettings = {
				ASSETCATALOG_COMPILER_APPICON_NAME = AppIcon;
				DEVELOPMENT_TEAM = 9YUT5P277S;
				INFOPLIST_FILE = UpChallenge/Info.plist;
				IPHONEOS_DEPLOYMENT_TARGET = 10.0;
				LD_RUNPATH_SEARCH_PATHS = "$(inherited) @executable_path/Frameworks";
				PRODUCT_BUNDLE_IDENTIFIER = com.wojunfeng.UpChallenge;
				PRODUCT_NAME = "$(TARGET_NAME)";
				SWIFT_VERSION = 3.0;
			};
			name = Release;
		};
		4C2ED5B91E570DDE0033DC36 /* Debug */ = {
			isa = XCBuildConfiguration;
			baseConfigurationReference = 92645BB2047C57159DC62EF6 /* Pods-UpChallengeTests.debug.xcconfig */;
			buildSettings = {
				ALWAYS_EMBED_SWIFT_STANDARD_LIBRARIES = YES;
				BUNDLE_LOADER = "$(TEST_HOST)";
				DEVELOPMENT_TEAM = C364U78854;
				INFOPLIST_FILE = UpChallengeTests/Info.plist;
				LD_RUNPATH_SEARCH_PATHS = "$(inherited) @executable_path/Frameworks @loader_path/Frameworks";
				PRODUCT_BUNDLE_IDENTIFIER = com.wojunfeng.UpChallengeTests;
				PRODUCT_NAME = "$(TARGET_NAME)";
				SWIFT_VERSION = 3.0;
				TEST_HOST = "$(BUILT_PRODUCTS_DIR)/UpChallenge.app/UpChallenge";
			};
			name = Debug;
		};
		4C2ED5BA1E570DDE0033DC36 /* Release */ = {
			isa = XCBuildConfiguration;
			baseConfigurationReference = 4E5A0D3C5D0274A869528CF1 /* Pods-UpChallengeTests.release.xcconfig */;
			buildSettings = {
				ALWAYS_EMBED_SWIFT_STANDARD_LIBRARIES = YES;
				BUNDLE_LOADER = "$(TEST_HOST)";
				DEVELOPMENT_TEAM = C364U78854;
				INFOPLIST_FILE = UpChallengeTests/Info.plist;
				LD_RUNPATH_SEARCH_PATHS = "$(inherited) @executable_path/Frameworks @loader_path/Frameworks";
				PRODUCT_BUNDLE_IDENTIFIER = com.wojunfeng.UpChallengeTests;
				PRODUCT_NAME = "$(TARGET_NAME)";
				SWIFT_VERSION = 3.0;
				TEST_HOST = "$(BUILT_PRODUCTS_DIR)/UpChallenge.app/UpChallenge";
			};
			name = Release;
		};
		4C2ED5BC1E570DDE0033DC36 /* Debug */ = {
			isa = XCBuildConfiguration;
			baseConfigurationReference = 284A62B78D6BCFBB147DC39F /* Pods-UpChallengeUITests.debug.xcconfig */;
			buildSettings = {
				ALWAYS_EMBED_SWIFT_STANDARD_LIBRARIES = YES;
				DEVELOPMENT_TEAM = C364U78854;
				INFOPLIST_FILE = UpChallengeUITests/Info.plist;
				LD_RUNPATH_SEARCH_PATHS = "$(inherited) @executable_path/Frameworks @loader_path/Frameworks";
				PRODUCT_BUNDLE_IDENTIFIER = com.wojunfeng.UpChallengeUITests;
				PRODUCT_NAME = "$(TARGET_NAME)";
				SWIFT_VERSION = 3.0;
				TEST_TARGET_NAME = UpChallenge;
			};
			name = Debug;
		};
		4C2ED5BD1E570DDE0033DC36 /* Release */ = {
			isa = XCBuildConfiguration;
			baseConfigurationReference = 27FF7C902FF9107D8F8CF012 /* Pods-UpChallengeUITests.release.xcconfig */;
			buildSettings = {
				ALWAYS_EMBED_SWIFT_STANDARD_LIBRARIES = YES;
				DEVELOPMENT_TEAM = C364U78854;
				INFOPLIST_FILE = UpChallengeUITests/Info.plist;
				LD_RUNPATH_SEARCH_PATHS = "$(inherited) @executable_path/Frameworks @loader_path/Frameworks";
				PRODUCT_BUNDLE_IDENTIFIER = com.wojunfeng.UpChallengeUITests;
				PRODUCT_NAME = "$(TARGET_NAME)";
				SWIFT_VERSION = 3.0;
				TEST_TARGET_NAME = UpChallenge;
			};
			name = Release;
		};
/* End XCBuildConfiguration section */

/* Begin XCConfigurationList section */
		4C2ED5881E570DDE0033DC36 /* Build configuration list for PBXProject "UpChallenge" */ = {
			isa = XCConfigurationList;
			buildConfigurations = (
				4C2ED5B31E570DDE0033DC36 /* Debug */,
				4C2ED5B41E570DDE0033DC36 /* Release */,
			);
			defaultConfigurationIsVisible = 0;
			defaultConfigurationName = Release;
		};
		4C2ED5B51E570DDE0033DC36 /* Build configuration list for PBXNativeTarget "UpChallenge" */ = {
			isa = XCConfigurationList;
			buildConfigurations = (
				4C2ED5B61E570DDE0033DC36 /* Debug */,
				4C2ED5B71E570DDE0033DC36 /* Release */,
			);
			defaultConfigurationIsVisible = 0;
			defaultConfigurationName = Release;
		};
		4C2ED5B81E570DDE0033DC36 /* Build configuration list for PBXNativeTarget "UpChallengeTests" */ = {
			isa = XCConfigurationList;
			buildConfigurations = (
				4C2ED5B91E570DDE0033DC36 /* Debug */,
				4C2ED5BA1E570DDE0033DC36 /* Release */,
			);
			defaultConfigurationIsVisible = 0;
			defaultConfigurationName = Release;
		};
		4C2ED5BB1E570DDE0033DC36 /* Build configuration list for PBXNativeTarget "UpChallengeUITests" */ = {
			isa = XCConfigurationList;
			buildConfigurations = (
				4C2ED5BC1E570DDE0033DC36 /* Debug */,
				4C2ED5BD1E570DDE0033DC36 /* Release */,
			);
			defaultConfigurationIsVisible = 0;
			defaultConfigurationName = Release;
		};
/* End XCConfigurationList section */
	};
	rootObject = 4C2ED5851E570DDE0033DC36 /* Project object */;
}
